hash: 7b2fd68733833336670468f5916a4390a3da10bc5318545ff46ae173965fccc6
updated: 2018-08-21T15:26:10.09007-07:00
imports:
- name: github.com/armon/go-metrics
  version: 783273d703149aaeb9897cf58613d5af48861c25
- name: github.com/aws/aws-sdk-go
  version: 7be45195c3af1b54a609812f90c05a7e492e2491
  subpackages:
  - aws
  - aws/awserr
  - aws/awsutil
  - aws/client
  - aws/client/metadata
  - aws/corehandlers
  - aws/credentials
  - aws/credentials/ec2rolecreds
  - aws/credentials/endpointcreds
  - aws/credentials/stscreds
  - aws/defaults
  - aws/ec2metadata
  - aws/endpoints
  - aws/request
  - aws/session
  - aws/signer/v4
  - private/protocol
  - private/protocol/query
  - private/protocol/query/queryutil
  - private/protocol/rest
  - private/protocol/xml/xmlutil
  - service
  - service/sns
  - service/sns/snsiface
  - service/sts
- name: github.com/beorn7/perks
  version: 3a771d992973f24aa725d07868b467d1ddfceafb
  subpackages:
  - quantile
- name: github.com/billhathaway/consistentHash
  version: addea16d2229dba874111898b45be7f4a78af631
- name: github.com/c9s/goprocinfo
  version: 19cb9f127a9c8d2034cf59ccb683cdb94b9deb6c
  subpackages:
  - linux
- name: github.com/cenk/backoff
  version: 2ea60e5f094469f9e65adb9cd103795b73ae743e
- name: github.com/davecgh/go-spew
  version: 8991bc29aa16c548c550c7ff78260e27b9ab7c73
  subpackages:
  - spew
- name: github.com/facebookgo/clock
  version: 600d898af40aa09a7a93ecb9265d87b0504b6f03
- name: github.com/fsnotify/fsnotify
  version: c2828203cd70a50dcccfb2761f8b1f8ceef9a8e9
- name: github.com/go-ini/ini
  version: bda519ae5f4cbc60d391ff8610711627a08b86ae
- name: github.com/go-kit/kit
  version: 4dc7be5d2d12881735283bcab7352178e190fc71
  subpackages:
  - endpoint
  - log
  - log/level
  - metrics
  - metrics/discard
  - metrics/dogstatsd
  - metrics/expvar
  - metrics/generic
  - metrics/graphite
  - metrics/influx
  - metrics/internal/lv
  - metrics/internal/ratemap
  - metrics/prometheus
  - metrics/provider
  - metrics/statsd
  - sd
  - sd/consul
  - sd/internal/instance
  - sd/zk
  - transport/http
  - util/conn
- name: github.com/go-logfmt/logfmt
  version: 390ab7935ee28ec6b286364bba9b4dd6410cb3d5
- name: github.com/go-stack/stack
  version: 817915b46b97fd7bb80e8ab6b69f01a53ac3eebf
- name: github.com/golang/protobuf
  version: 9eb2c01ac278a5d89ce4b2be68fe4500955d8179
  subpackages:
  - proto
- name: github.com/gorilla/context
  version: 08b5f424b9271eedf6f9f0ce86cb9396ed337a42
- name: github.com/gorilla/mux
  version: 53c1911da2b537f792e7cafcb446b05ffe33b996
- name: github.com/gorilla/schema
  version: d0e4c24cff97ae983e9847e0ed5a02dc10013d41
- name: github.com/gorilla/websocket
  version: ea4d1f681babbce9545c9c5f3d5194a789c89f5b
- name: github.com/hashicorp/consul
  version: 9a494b5fb9c86180a5702e29c485df1507a47198
  subpackages:
  - api
- name: github.com/hashicorp/go-cleanhttp
  version: d5fe4b57a186c716b0e00b8c301cbd9b4182694d
- name: github.com/hashicorp/go-immutable-radix
  version: 7f3cd4390caab3250a57f30efdb2a65dd7649ecf
- name: github.com/hashicorp/go-rootcerts
  version: 6bb64b370b90e7ef1fa532be9e591a81c3493e00
- name: github.com/hashicorp/golang-lru
  version: 0fb14efe8c47ae851c0034ed7a448854d3d34cf3
  subpackages:
  - simplelru
- name: github.com/hashicorp/hcl
  version: ef8a98b0bbce4a65b5aa4c368430a80ddc533168
  subpackages:
  - hcl/ast
  - hcl/parser
  - hcl/scanner
  - hcl/strconv
  - hcl/token
  - json/parser
  - json/scanner
  - json/token
- name: github.com/hashicorp/serf
  version: 3b250ce4404edb266330f53fcfc8ad0d0dacfae7
  subpackages:
  - coordinate
- name: github.com/influxdata/influxdb
  version: 48797873ee24fc1dcb5a63f23474d3210f6d68c5
  subpackages:
  - client/v2
  - models
  - pkg/escape
- name: github.com/jmespath/go-jmespath
  version: c2b33e8439af944379acbdd9c3a5fe0bc44bd8a5
- name: github.com/jtacoma/uritemplates
  version: 307ae868f90f4ee1b73ebe4596e0394237dacce8
- name: github.com/justinas/alice
  version: 03f45bd4b7dad4734bc4620e46a35789349abb20
- name: github.com/kr/logfmt
  version: b84e30acd515aadc4b783ad4ff83aff3299bdfe0
- name: github.com/magiconair/properties
  version: c2353362d570a7bfa228149c62842019201cfb71
- name: github.com/matttproud/golang_protobuf_extensions
  version: c12348ce28de40eed0136aa2b644d0ee0650e56c
  subpackages:
  - pbutil
- name: github.com/mitchellh/go-homedir
  version: b8bc1bf767474819792c23f32d8286a45736f1c6
- name: github.com/mitchellh/mapstructure
  version: bb74f1db0675b241733089d5a1faa5dd8b0ef57b
- name: github.com/pelletier/go-toml
  version: c01d1270ff3e442a8a57cddc1c92dc1138598194
- name: github.com/pmezard/go-difflib
  version: 792786c7400a136282c1664665ae0a8db921c6c2
  subpackages:
  - difflib
- name: github.com/prometheus/client_golang
  version: 967789050ba94deca04a5e84cce8ad472ce313c1
  subpackages:
  - prometheus
  - prometheus/promhttp
- name: github.com/prometheus/client_model
  version: 99fa1f4be8e564e8a6b613da7fa6f46c9edafc6c
  subpackages:
  - go
- name: github.com/prometheus/common
  version: 7600349dcfe1abd18d72d3a1770870d9800a7801
  subpackages:
  - expfmt
  - internal/bitbucket.org/ww/goautoneg
  - model
- name: github.com/prometheus/procfs
  version: 54d17b57dd7d4a3aa092476596b3f8a933bde349
  subpackages:
  - internal/util
  - nfs
  - xfs
- name: github.com/rubyist/circuitbreaker
  version: 7e3e7fbe9c62b943d487af023566a79d9eb22d3b
- name: github.com/samuel/go-zookeeper
  version: c4fab1ac1bec58281ad0667dc3f0907a9476ac47
  subpackages:
  - zk
- name: github.com/SermoDigital/jose
  version: f6df55f235c24f236d11dbcf665249a59ac2021f
  subpackages:
  - crypto
  - jws
  - jwt
- name: github.com/spaolacci/murmur3
  version: 0d12bf811670bf6a1a63828dfbd003eded177fce
- name: github.com/spf13/afero
  version: 787d034dfe70e44075ccc060d346146ef53270ad
  subpackages:
  - mem
- name: github.com/spf13/cast
  version: 8965335b8c7107321228e3e3702cab9832751bac
- name: github.com/spf13/jwalterweatherman
  version: 7c0cea34c8ece3fbeb2b27ab9b59511d360fb394
- name: github.com/spf13/pflag
  version: e57e3eeb33f795204c1ca35f56c44f83227c6e66
- name: github.com/spf13/viper
  version: 25b30aa063fc18e48662b86996252eabdcf2f0c7
- name: github.com/stretchr/objx
  version: 9e1dfc121bca96d392da5d00591953bdb54ab306
- name: github.com/stretchr/testify
  version: 12b6f73e6084dad08a7c6e575284b177ecafbc71
  subpackages:
  - assert
  - linux
  - mock
  - require
- name: github.com/tinylib/msgp
  version: 38a6f61a768dc24552dad94611923841b53acc4f
  subpackages:
  - msgp
- name: github.com/ttacon/chalk
  version: 76b3c8b611dea8f83e49e9ce81fc2b189e0ef3d2
- name: github.com/ugorji/go
  version: 00a57e09e383d445aeef6c6cd642969dc4360231
  subpackages:
  - codec
- name: github.com/VividCortex/gohistogram
  version: 51564d9861991fb0ad0f531c99ef602d0f9866e6
- name: golang.org/x/net
  version: f73e4c9ed3b7ebdd5f699a16a880c2b1994e50dd
  subpackages:
  - context
- name: golang.org/x/sys
  version: 7138fd3d9dc8335c567ca206f4333fb75eb05d56
  subpackages:
  - unix
- name: golang.org/x/text
  version: 5cec4b58c438bd98288aeb248bab2c1840713d21
  subpackages:
  - transform
  - unicode/norm
- name: gopkg.in/natefinch/lumberjack.v2
  version: a96e63847dc3c67d17befa69c303767e2f84e54f
- name: gopkg.in/yaml.v2
  version: 5420a8b6744d3b0345ab293f6fcba19c978f1183
testImports: []
